{
  "name": "miniprogram-2",
  "lockfileVersion": 2,
  "requires": true,
  "packages": {
    "": {
      "dependencies": {
        "wx-gauge": "^1.2.0"
      }
    },
    "node_modules/wx-gauge": {
      "version": "1.2.0",
      "resolved": "https://registry.npmjs.org/wx-gauge/-/wx-gauge-1.2.0.tgz",
      "integrity": "sha512-ZkG6L6LFKFNlirhazPXgOgL/VWV5QWVArp2F1y36y18pudDRj47t4Cmdb7i3OhhLyedB5ij24qoAz28rexwM0w=="
    }
  },
  "dependencies": {
    "wx-gauge": {
      "version": "1.2.0",
      "resolved": "https://registry.npmjs.org/wx-gauge/-/wx-gauge-1.2.0.tgz",
      "integrity": "sha512-ZkG6L6LFKFNlirhazPXgOgL/VWV5QWVArp2F1y36y18pudDRj47t4Cmdb7i3OhhLyedB5ij24qoAz28rexwM0w=="
    }
  }
}
